# This file is autogenerated, do not edit; changes may be undone by the next 'dep ensure'.


[[projects]]
  name = "github.com/aws/aws-sdk-go"
  packages = [
    "aws",
    "aws/awserr",
    "aws/awsutil",
    "aws/client",
    "aws/client/metadata",
    "aws/credentials",
    "aws/endpoints",
    "aws/request",
    "aws/signer/v4",
    "internal/sdkio",
    "internal/sdkrand",
    "internal/shareddefaults",
    "private/protocol",
    "private/protocol/json/jsonutil",
    "private/protocol/jsonrpc",
    "private/protocol/rest",
    "service/dynamodb"
  ]
  revision = "e4f914808a9655ef3220bb0082002239cc7f3561"
  version = "v1.14.19"

[[projects]]
  name = "github.com/go-ini/ini"
  packages = ["."]
  revision = "06f5f3d67269ccec1fe5fe4134ba6e982984f7f5"
  version = "v1.37.0"

[[projects]]
  name = "github.com/jmespath/go-jmespath"
  packages = ["."]
  revision = "0b12d6b5"
  
[[projects]]
  name = "github.com/berlioz-the/connector-go"
  packages = ["."]
  revision = "598f3e05b63879702272af1b20964f40cad3ffe9"
  version = "1.1.2"

[solve-meta]
  analyzer-name = "dep"
  analyzer-version = 1
  inputs-digest = "02afa65a9661f418f227fbfd23c4a1dce53748fb5bdc3cab1695df5b3cbc1a6f"
  solver-name = "gps-cdcl"
  solver-version = 1
